// !$*UTF8*$!
{
	archiveVersion = 1;
	classes = {
	};
	objectVersion = 46;
	objects = {
/* Begin PBXBuildFile section */
		0207DA581B56EA530066E2B4 /* Images.xcassets in Resources */ = {isa = PBXBuildFile; fileRef = 0207DA571B56EA530066E2B4 /* Images.xcassets */; };
		02BCE638674046969B9CB490 /* Stripe.framework in Frameworks */ = {isa = PBXBuildFile; fileRef = CC09C7191D344D36B6E36AFD /* Stripe.framework */; };
		0962D003D493468C8C588EBA /* CDVClipboard.m in Sources */ = {isa = PBXBuildFile; fileRef = 24A3F30C725B4011B6ABDC0A /* CDVClipboard.m */; };
		0A83B37537C647EF87C565D3 /* zxing-all-in-one.cpp in Sources */ = {isa = PBXBuildFile; fileRef = DE9E825E182947AA851ED11E /* zxing-all-in-one.cpp */; };
		11F4F684AAA143FBB0D9898F /* CDVDevice.m in Sources */ = {isa = PBXBuildFile; fileRef = B6B1C64785B843F4B72CA656 /* CDVDevice.m */; };
		1D3623260D0F684500981E51 /* AppDelegate.m in Sources */ = {isa = PBXBuildFile; fileRef = 1D3623250D0F684500981E51 /* AppDelegate.m */; };
		1D60589B0D05DD56006BFB54 /* main.m in Sources */ = {isa = PBXBuildFile; fileRef = 29B97316FDCFA39411CA2CEA /* main.m */; };
		261C6510E7B04D3D807C1A2A /* EventKit.framework in Frameworks */ = {isa = PBXBuildFile; fileRef = 5519E10CCBF74321A41A17DD /* EventKit.framework */; };
		301BF552109A68D80062928A /* libCordova.a in Frameworks */ = {isa = PBXBuildFile; fileRef = 301BF535109A57CC0062928A /* libCordova.a */; };
		302D95F114D2391D003F00A1 /* MainViewController.m in Sources */ = {isa = PBXBuildFile; fileRef = 302D95EF14D2391D003F00A1 /* MainViewController.m */; };
		302D95F214D2391D003F00A1 /* MainViewController.xib in Resources */ = {isa = PBXBuildFile; fileRef = 302D95F014D2391D003F00A1 /* MainViewController.xib */; };
		4AB2910E324E42339654E598 /* EventKitUI.framework in Frameworks */ = {isa = PBXBuildFile; fileRef = 258AA845F7D94529A36F87E1 /* EventKitUI.framework */; };
		4FE7CD61F9A645DDA408203B /* AVFoundation.framework in Frameworks */ = {isa = PBXBuildFile; fileRef = 5C168B84528D4E989CA628B2 /* AVFoundation.framework */; };
		5209AEA31D724514B5EEE8CF /* CDVLocation.m in Sources */ = {isa = PBXBuildFile; fileRef = F7ADEE13DBA443ABB7579F69 /* CDVLocation.m */; };
		52ABA1B9CD694594AB7B9C48 /* CDVSplashScreen.m in Sources */ = {isa = PBXBuildFile; fileRef = 4FC08142C6CF46F284B4F49B /* CDVSplashScreen.m */; };
		5514C44C2E94490EB9C1022C /* CDVStatusBar.m in Sources */ = {isa = PBXBuildFile; fileRef = 970F34ECA05541AF80007EC5 /* CDVStatusBar.m */; };
		57A91E18D4094753B96A1377 /* SocialSharing.m in Sources */ = {isa = PBXBuildFile; fileRef = 1B673E431DA042328D0DE3CE /* SocialSharing.m */; };
		58993D43B67B4BF2B436907A /* CDVCamera.m in Sources */ = {isa = PBXBuildFile; fileRef = E9E0C69085F94E6EBEF519CD /* CDVCamera.m */; };
		5F15339A036446CDB848296F /* QuartzCore.framework in Frameworks */ = {isa = PBXBuildFile; fileRef = 6588606988214955AFF6063A /* QuartzCore.framework */; };
		5FA21632B94D487F93B97B81 /* UIImage+CropScaleOrientation.m in Sources */ = {isa = PBXBuildFile; fileRef = 6E2BF64781E143EB95C95A18 /* UIImage+CropScaleOrientation.m */; };
		67DC5B14A09F469CAC5B6832 /* CoreLocation.framework in Frameworks */ = {isa = PBXBuildFile; fileRef = 90A442A5FB344902A923EA1A /* CoreLocation.framework */; };
		68F0D6D492934A62B8B1FAD1 /* scannerOverlay.xib in Resources */ = {isa = PBXBuildFile; fileRef = 3409CF380CBA45AD9DCF2175 /* scannerOverlay.xib */; };
		6AFF5BF91D6E424B00AB3073 /* CDVLaunchScreen.storyboard in Resources */ = {isa = PBXBuildFile; fileRef = 6AFF5BF81D6E424B00AB3073 /* CDVLaunchScreen.storyboard */; };
		717C4696584D442F8BF94066 /* CDVBarcodeScanner.bundle in Resources */ = {isa = PBXBuildFile; fileRef = E299FAA82F8E44778EA944B4 /* CDVBarcodeScanner.bundle */; };
		737FAE356479460EA3409D3C /* CDVLogger.m in Sources */ = {isa = PBXBuildFile; fileRef = C7DC3BA11E244FA98E3FAA03 /* CDVLogger.m */; };
		752FA2384BF54DB2AF28C608 /* MessageUI.framework in Frameworks */ = {isa = PBXBuildFile; fileRef = 4F138CD38E284DB4AB3D8352 /* MessageUI.framework */; settings = {ATTRIBUTES = (Weak, ); }; };
		82FD2057AED74F4D842E40C8 /* CordovaStripe.m in Sources */ = {isa = PBXBuildFile; fileRef = 7E00C2B7367E417AAF298833 /* CordovaStripe.m */; };
		88D7FA63F23246578EE4877E /* NSString+SSURLEncoding.m in Sources */ = {isa = PBXBuildFile; fileRef = 74D8E05E70644E5A84A37F51 /* NSString+SSURLEncoding.m */; };
		91F19EDFD5EE4CB4A316929A /* IonicKeyboard.m in Sources */ = {isa = PBXBuildFile; fileRef = F4BE9660A87947C698379543 /* IonicKeyboard.m */; };
		99F71D41CA3049909ACAB38A /* CDVBarcodeScanner.mm in Sources */ = {isa = PBXBuildFile; fileRef = 8A4FDA6152C040168A10304C /* CDVBarcodeScanner.mm */; settings = {COMPILER_FLAGS = "-fno-objc-arc"; }; };
		9B365028752A4310943A61FA /* AudioToolbox.framework in Frameworks */ = {isa = PBXBuildFile; fileRef = D714F9129E2244E0AE1BE28F /* AudioToolbox.framework */; };
		A171E1A417974AD689025F4D /* libiconv.dylib in Frameworks */ = {isa = PBXBuildFile; fileRef = 371ABD711CB94BA09F75F4AC /* libiconv.dylib */; };
		A69FC5D270654765A5BEEBCA /* CoreImage.framework in Frameworks */ = {isa = PBXBuildFile; fileRef = 62E90D0A06644E7D93A17828 /* CoreImage.framework */; };
		BB622A1C194D47B581F5545D /* CoreVideo.framework in Frameworks */ = {isa = PBXBuildFile; fileRef = 2FCDF5016244412FAA5DA894 /* CoreVideo.framework */; };
		C00C68FC6798409396477B95 /* SQLitePlugin.m in Sources */ = {isa = PBXBuildFile; fileRef = FD69B7EE95AF47429EC8294B /* SQLitePlugin.m */; };
		DD70340C1E5E4775A82A509A /* ImageIO.framework in Frameworks */ = {isa = PBXBuildFile; fileRef = 01811FA8C2284851A326C9C9 /* ImageIO.framework */; settings = {ATTRIBUTES = (Weak, ); }; };
		E16FD79CAB5B403BB6BD0073 /* Calendar.m in Sources */ = {isa = PBXBuildFile; fileRef = 55AF616B200940608E59B328 /* Calendar.m */; };
		E6A09541A7FE4296A1F5A605 /* CDVJpegHeaderWriter.m in Sources */ = {isa = PBXBuildFile; fileRef = 5A449F12FFC449FCB88DC4E0 /* CDVJpegHeaderWriter.m */; };
		EE5BE195E0B5436D9C13D76D /* CDVViewController+SplashScreen.m in Sources */ = {isa = PBXBuildFile; fileRef = 47D56D029D084C93A705E3D7 /* CDVViewController+SplashScreen.m */; };
		EF7020C48AED4D84B6A433C9 /* sqlite3.c in Sources */ = {isa = PBXBuildFile; fileRef = 96BA916C968B4218A0A19DA3 /* sqlite3.c */; settings = {COMPILER_FLAGS = "-w -DSQLITE_THREADSAFE=2 -DSQLITE_DEFAULT_MEMSTATUS=0 -DSQLITE_OMIT_DECLTYPE -DSQLITE_OMIT_DEPRECATED -DSQLITE_OMIT_PROGRESS_CALLBACK -DSQLITE_OMIT_SHARED_CACHE -DSQLITE_TEMP_STORE=2 -DSQLITE_OMIT_LOAD_EXTENSION -DSQLITE_ENABLE_FTS3 -DSQLITE_ENABLE_FTS3_PARENTHESIS -DSQLITE_ENABLE_FTS4 -DSQLITE_ENABLE_RTREE -DSQLITE_DEFAULT_PAGE_SIZE=1024 -DSQLITE_DEFAULT_CACHE_SIZE=2000"; }; };
		F311741D78DA4FA1992F8F00 /* Social.framework in Frameworks */ = {isa = PBXBuildFile; fileRef = 13A235871CCD4971864F22BE /* Social.framework */; settings = {ATTRIBUTES = (Weak, ); }; };
		FC00CA8F23C048D29BEEAD41 /* PSPDFThreadSafeMutableDictionary.m in Sources */ = {isa = PBXBuildFile; fileRef = F5D6F271821F470C89B6AFF3 /* PSPDFThreadSafeMutableDictionary.m */; settings = {COMPILER_FLAGS = "-w"; }; };
/* End PBXBuildFile section */

/* Begin PBXContainerItemProxy section */
		1A2AB7611FB5F9EE00C43A7A /* PBXContainerItemProxy */ = {
			isa = PBXContainerItemProxy;
			containerPortal = 301BF52D109A57CC0062928A /* CordovaLib/CordovaLib.xcodeproj */;
			proxyType = 2;
			remoteGlobalIDString = C0C01EB21E3911D50056E6CB;
			remoteInfo = Cordova;
		};
		301BF534109A57CC0062928A /* PBXContainerItemProxy */ = {
			isa = PBXContainerItemProxy;
			containerPortal = 301BF52D109A57CC0062928A /* CordovaLib/CordovaLib.xcodeproj */;
			proxyType = 2;
			remoteGlobalIDString = D2AAC07E0554694100DB518D;
			remoteInfo = CordovaLib;
		};
		301BF550109A68C00062928A /* PBXContainerItemProxy */ = {
			isa = PBXContainerItemProxy;
			containerPortal = 301BF52D109A57CC0062928A /* CordovaLib/CordovaLib.xcodeproj */;
			proxyType = 1;
			remoteGlobalIDString = D2AAC07D0554694100DB518D;
			remoteInfo = CordovaLib;
		};
/* End PBXContainerItemProxy section */

/* Begin PBXFileReference section */
		01811FA8C2284851A326C9C9 /* ImageIO.framework */ = {isa = PBXFileReference; explicitFileType = undefined; fileEncoding = 9; includeInIndex = 0; lastKnownFileType = wrapper.framework; name = ImageIO.framework; path = System/Library/Frameworks/ImageIO.framework; sourceTree = SDKROOT; };
		0207DA571B56EA530066E2B4 /* Images.xcassets */ = {isa = PBXFileReference; lastKnownFileType = folder.assetcatalog; name = Images.xcassets; path = Outbuzz/Images.xcassets; sourceTree = SOURCE_ROOT; };
		06C351EF21354E5EB39CBFB1 /* zxing-all-in-one.h */ = {isa = PBXFileReference; explicitFileType = undefined; fileEncoding = 4; includeInIndex = 0; lastKnownFileType = sourcecode.c.h; name = "zxing-all-in-one.h"; path = "phonegap-plugin-barcodescanner/zxing-all-in-one.h"; sourceTree = "<group>"; };
		13A235871CCD4971864F22BE /* Social.framework */ = {isa = PBXFileReference; explicitFileType = undefined; fileEncoding = 9; includeInIndex = 0; lastKnownFileType = wrapper.framework; name = Social.framework; path = System/Library/Frameworks/Social.framework; sourceTree = SDKROOT; };
		1B673E431DA042328D0DE3CE /* SocialSharing.m */ = {isa = PBXFileReference; explicitFileType = undefined; fileEncoding = 4; includeInIndex = 0; lastKnownFileType = sourcecode.c.objc; name = SocialSharing.m; path = "cordova-plugin-x-socialsharing/SocialSharing.m"; sourceTree = "<group>"; };
		1D3623240D0F684500981E51 /* AppDelegate.h */ = {isa = PBXFileReference; fileEncoding = 4; lastKnownFileType = sourcecode.c.h; path = AppDelegate.h; sourceTree = "<group>"; };
		1D3623250D0F684500981E51 /* AppDelegate.m */ = {isa = PBXFileReference; fileEncoding = 4; lastKnownFileType = sourcecode.c.objc; path = AppDelegate.m; sourceTree = "<group>"; };
		1D6058910D05DD3D006BFB54 /* Outbuzz.app */ = {isa = PBXFileReference; explicitFileType = wrapper.application; includeInIndex = 0; path = Outbuzz.app; sourceTree = BUILT_PRODUCTS_DIR; };
		24A3F30C725B4011B6ABDC0A /* CDVClipboard.m */ = {isa = PBXFileReference; explicitFileType = undefined; fileEncoding = 4; includeInIndex = 0; lastKnownFileType = sourcecode.c.objc; name = CDVClipboard.m; path = "cordova-clipboard/CDVClipboard.m"; sourceTree = "<group>"; };
		258AA845F7D94529A36F87E1 /* EventKitUI.framework */ = {isa = PBXFileReference; explicitFileType = undefined; fileEncoding = 9; includeInIndex = 0; lastKnownFileType = wrapper.framework; name = EventKitUI.framework; path = System/Library/Frameworks/EventKitUI.framework; sourceTree = SDKROOT; };
		29B97316FDCFA39411CA2CEA /* main.m */ = {isa = PBXFileReference; fileEncoding = 4; lastKnownFileType = sourcecode.c.objc; path = main.m; sourceTree = "<group>"; };
		2FCA1ACBF75548BD9A298525 /* CDVLogger.h */ = {isa = PBXFileReference; explicitFileType = undefined; fileEncoding = 4; includeInIndex = 0; lastKnownFileType = sourcecode.c.h; name = CDVLogger.h; path = "cordova-plugin-console/CDVLogger.h"; sourceTree = "<group>"; };
		2FCDF5016244412FAA5DA894 /* CoreVideo.framework */ = {isa = PBXFileReference; explicitFileType = undefined; fileEncoding = 9; includeInIndex = 0; lastKnownFileType = wrapper.framework; name = CoreVideo.framework; path = System/Library/Frameworks/CoreVideo.framework; sourceTree = SDKROOT; };
		301BF52D109A57CC0062928A /* CordovaLib/CordovaLib.xcodeproj */ = {isa = PBXFileReference; lastKnownFileType = "wrapper.pb-project"; path = CordovaLib/CordovaLib.xcodeproj; sourceTree = "<group>"; };
		301BF56E109A69640062928A /* www */ = {isa = PBXFileReference; lastKnownFileType = folder; path = www; sourceTree = SOURCE_ROOT; };
		302D95EE14D2391D003F00A1 /* MainViewController.h */ = {isa = PBXFileReference; fileEncoding = 4; lastKnownFileType = sourcecode.c.h; path = MainViewController.h; sourceTree = "<group>"; };
		302D95EF14D2391D003F00A1 /* MainViewController.m */ = {isa = PBXFileReference; fileEncoding = 4; lastKnownFileType = sourcecode.c.objc; path = MainViewController.m; sourceTree = "<group>"; };
		302D95F014D2391D003F00A1 /* MainViewController.xib */ = {isa = PBXFileReference; fileEncoding = 4; lastKnownFileType = file.xib; path = MainViewController.xib; sourceTree = "<group>"; };
		3047A50F1AB8059700498E2A /* build-debug.xcconfig */ = {isa = PBXFileReference; fileEncoding = 4; lastKnownFileType = text.xcconfig; name = "build-debug.xcconfig"; path = "cordova/build-debug.xcconfig"; sourceTree = SOURCE_ROOT; };
		3047A5101AB8059700498E2A /* build-release.xcconfig */ = {isa = PBXFileReference; fileEncoding = 4; lastKnownFileType = text.xcconfig; name = "build-release.xcconfig"; path = "cordova/build-release.xcconfig"; sourceTree = SOURCE_ROOT; };
		3047A5111AB8059700498E2A /* build.xcconfig */ = {isa = PBXFileReference; fileEncoding = 4; lastKnownFileType = text.xcconfig; name = build.xcconfig; path = cordova/build.xcconfig; sourceTree = SOURCE_ROOT; };
		31E9AC7A77AD4AB0AAFB02D3 /* CordovaStripe.h */ = {isa = PBXFileReference; explicitFileType = undefined; fileEncoding = 4; includeInIndex = 0; lastKnownFileType = sourcecode.c.h; name = CordovaStripe.h; path = "cordova-plugin-stripe/CordovaStripe.h"; sourceTree = "<group>"; };
		32CA4F630368D1EE00C91783 /* Outbuzz-Prefix.pch */ = {isa = PBXFileReference; fileEncoding = 4; lastKnownFileType = sourcecode.c.h; path = "Outbuzz-Prefix.pch"; sourceTree = "<group>"; };
		33B5CD8AE38A45848CD771AA /* sqlite3.h */ = {isa = PBXFileReference; explicitFileType = undefined; fileEncoding = 4; includeInIndex = 0; lastKnownFileType = sourcecode.c.h; name = sqlite3.h; path = "cordova-sqlite-storage/sqlite3.h"; sourceTree = "<group>"; };
		3409CF380CBA45AD9DCF2175 /* scannerOverlay.xib */ = {isa = PBXFileReference; explicitFileType = undefined; fileEncoding = 9; includeInIndex = 0; lastKnownFileType = file.xib; path = scannerOverlay.xib; sourceTree = "<group>"; };
		36F78EE107464C52B6D4B3B7 /* CDVViewController+SplashScreen.h */ = {isa = PBXFileReference; explicitFileType = undefined; fileEncoding = 4; includeInIndex = 0; lastKnownFileType = sourcecode.c.h; name = "CDVViewController+SplashScreen.h"; path = "cordova-plugin-splashscreen/CDVViewController+SplashScreen.h"; sourceTree = "<group>"; };
		371ABD711CB94BA09F75F4AC /* libiconv.dylib */ = {isa = PBXFileReference; explicitFileType = undefined; fileEncoding = 9; includeInIndex = 0; lastKnownFileType = "compiled.mach-o.dylib"; name = libiconv.dylib; path = usr/lib/libiconv.dylib; sourceTree = SDKROOT; };
		47D56D029D084C93A705E3D7 /* CDVViewController+SplashScreen.m */ = {isa = PBXFileReference; explicitFileType = undefined; fileEncoding = 4; includeInIndex = 0; lastKnownFileType = sourcecode.c.objc; name = "CDVViewController+SplashScreen.m"; path = "cordova-plugin-splashscreen/CDVViewController+SplashScreen.m"; sourceTree = "<group>"; };
		4F138CD38E284DB4AB3D8352 /* MessageUI.framework */ = {isa = PBXFileReference; explicitFileType = undefined; fileEncoding = 9; includeInIndex = 0; lastKnownFileType = wrapper.framework; name = MessageUI.framework; path = System/Library/Frameworks/MessageUI.framework; sourceTree = SDKROOT; };
		4FC08142C6CF46F284B4F49B /* CDVSplashScreen.m */ = {isa = PBXFileReference; explicitFileType = undefined; fileEncoding = 4; includeInIndex = 0; lastKnownFileType = sourcecode.c.objc; name = CDVSplashScreen.m; path = "cordova-plugin-splashscreen/CDVSplashScreen.m"; sourceTree = "<group>"; };
		5110D2ED0CC64F02ACE27953 /* UIImage+CropScaleOrientation.h */ = {isa = PBXFileReference; explicitFileType = undefined; fileEncoding = 4; includeInIndex = 0; lastKnownFileType = sourcecode.c.h; name = "UIImage+CropScaleOrientation.h"; path = "cordova-plugin-camera/UIImage+CropScaleOrientation.h"; sourceTree = "<group>"; };
		5519E10CCBF74321A41A17DD /* EventKit.framework */ = {isa = PBXFileReference; explicitFileType = undefined; fileEncoding = 9; includeInIndex = 0; lastKnownFileType = wrapper.framework; name = EventKit.framework; path = System/Library/Frameworks/EventKit.framework; sourceTree = SDKROOT; };
		55AF616B200940608E59B328 /* Calendar.m */ = {isa = PBXFileReference; explicitFileType = undefined; fileEncoding = 4; includeInIndex = 0; lastKnownFileType = sourcecode.c.objc; name = Calendar.m; path = "cordova-plugin-calendar/Calendar.m"; sourceTree = "<group>"; };
		5A449F12FFC449FCB88DC4E0 /* CDVJpegHeaderWriter.m */ = {isa = PBXFileReference; explicitFileType = undefined; fileEncoding = 4; includeInIndex = 0; lastKnownFileType = sourcecode.c.objc; name = CDVJpegHeaderWriter.m; path = "cordova-plugin-camera/CDVJpegHeaderWriter.m"; sourceTree = "<group>"; };
		5C168B84528D4E989CA628B2 /* AVFoundation.framework */ = {isa = PBXFileReference; explicitFileType = undefined; fileEncoding = 9; includeInIndex = 0; lastKnownFileType = wrapper.framework; name = AVFoundation.framework; path = System/Library/Frameworks/AVFoundation.framework; sourceTree = SDKROOT; };
		62685F70E49145698BE69680 /* IonicKeyboard.h */ = {isa = PBXFileReference; explicitFileType = undefined; fileEncoding = 4; includeInIndex = 0; lastKnownFileType = sourcecode.c.h; name = IonicKeyboard.h; path = "ionic-plugin-keyboard/IonicKeyboard.h"; sourceTree = "<group>"; };
		62E90D0A06644E7D93A17828 /* CoreImage.framework */ = {isa = PBXFileReference; explicitFileType = undefined; fileEncoding = 9; includeInIndex = 0; lastKnownFileType = wrapper.framework; name = CoreImage.framework; path = System/Library/Frameworks/CoreImage.framework; sourceTree = SDKROOT; };
		6588606988214955AFF6063A /* QuartzCore.framework */ = {isa = PBXFileReference; explicitFileType = undefined; fileEncoding = 9; includeInIndex = 0; lastKnownFileType = wrapper.framework; name = QuartzCore.framework; path = System/Library/Frameworks/QuartzCore.framework; sourceTree = SDKROOT; };
		665CF005873F4F25AC8E2D38 /* CDVSplashScreen.h */ = {isa = PBXFileReference; explicitFileType = undefined; fileEncoding = 4; includeInIndex = 0; lastKnownFileType = sourcecode.c.h; name = CDVSplashScreen.h; path = "cordova-plugin-splashscreen/CDVSplashScreen.h"; sourceTree = "<group>"; };
		6AFF5BF81D6E424B00AB3073 /* CDVLaunchScreen.storyboard */ = {isa = PBXFileReference; fileEncoding = 4; lastKnownFileType = file.storyboard; name = CDVLaunchScreen.storyboard; path = Outbuzz/CDVLaunchScreen.storyboard; sourceTree = SOURCE_ROOT; };
		6E2BF64781E143EB95C95A18 /* UIImage+CropScaleOrientation.m */ = {isa = PBXFileReference; explicitFileType = undefined; fileEncoding = 4; includeInIndex = 0; lastKnownFileType = sourcecode.c.objc; name = "UIImage+CropScaleOrientation.m"; path = "cordova-plugin-camera/UIImage+CropScaleOrientation.m"; sourceTree = "<group>"; };
		6EE460EDDA8046439E65B766 /* CDVJpegHeaderWriter.h */ = {isa = PBXFileReference; explicitFileType = undefined; fileEncoding = 4; includeInIndex = 0; lastKnownFileType = sourcecode.c.h; name = CDVJpegHeaderWriter.h; path = "cordova-plugin-camera/CDVJpegHeaderWriter.h"; sourceTree = "<group>"; };
		74D8E05E70644E5A84A37F51 /* NSString+SSURLEncoding.m */ = {isa = PBXFileReference; explicitFileType = undefined; fileEncoding = 4; includeInIndex = 0; lastKnownFileType = sourcecode.c.objc; name = "NSString+SSURLEncoding.m"; path = "cordova-plugin-x-socialsharing/NSString+SSURLEncoding.m"; sourceTree = "<group>"; };
		7E00C2B7367E417AAF298833 /* CordovaStripe.m */ = {isa = PBXFileReference; explicitFileType = undefined; fileEncoding = 4; includeInIndex = 0; lastKnownFileType = sourcecode.c.objc; name = CordovaStripe.m; path = "cordova-plugin-stripe/CordovaStripe.m"; sourceTree = "<group>"; };
		815B93AC5FF4432DAB23E1AD /* CDVClipboard.h */ = {isa = PBXFileReference; explicitFileType = undefined; fileEncoding = 4; includeInIndex = 0; lastKnownFileType = sourcecode.c.h; name = CDVClipboard.h; path = "cordova-clipboard/CDVClipboard.h"; sourceTree = "<group>"; };
		8A4FDA6152C040168A10304C /* CDVBarcodeScanner.mm */ = {isa = PBXFileReference; explicitFileType = undefined; fileEncoding = 9; includeInIndex = 0; lastKnownFileType = unknown; name = CDVBarcodeScanner.mm; path = "phonegap-plugin-barcodescanner/CDVBarcodeScanner.mm"; sourceTree = "<group>"; };
		8BC00AC5749C42548FAFB158 /* CDVLocation.h */ = {isa = PBXFileReference; explicitFileType = undefined; fileEncoding = 4; includeInIndex = 0; lastKnownFileType = sourcecode.c.h; name = CDVLocation.h; path = "cordova-plugin-geolocation/CDVLocation.h"; sourceTree = "<group>"; };
		8D1107310486CEB800E47090 /* Outbuzz-Info.plist */ = {isa = PBXFileReference; fileEncoding = 4; lastKnownFileType = text.plist.xml; name = "Outbuzz-Info.plist"; path = "Outbuzz/Outbuzz-Info.plist"; plistStructureDefinitionIdentifier = "com.apple.xcode.plist.structure-definition.iphone.info-plist"; sourceTree = SOURCE_ROOT; };
		90A442A5FB344902A923EA1A /* CoreLocation.framework */ = {isa = PBXFileReference; explicitFileType = undefined; fileEncoding = 9; includeInIndex = 0; lastKnownFileType = wrapper.framework; name = CoreLocation.framework; path = System/Library/Frameworks/CoreLocation.framework; sourceTree = SDKROOT; };
		92A6980BD12E4A1C83A1599B /* CDVCamera.h */ = {isa = PBXFileReference; explicitFileType = undefined; fileEncoding = 4; includeInIndex = 0; lastKnownFileType = sourcecode.c.h; name = CDVCamera.h; path = "cordova-plugin-camera/CDVCamera.h"; sourceTree = "<group>"; };
		934591BA527E48A5B361887E /* PSPDFThreadSafeMutableDictionary.h */ = {isa = PBXFileReference; explicitFileType = undefined; fileEncoding = 4; includeInIndex = 0; lastKnownFileType = sourcecode.c.h; name = PSPDFThreadSafeMutableDictionary.h; path = "cordova-sqlite-storage/PSPDFThreadSafeMutableDictionary.h"; sourceTree = "<group>"; };
		9602FD70F41A46078C1DA7F4 /* CDVDevice.h */ = {isa = PBXFileReference; explicitFileType = undefined; fileEncoding = 4; includeInIndex = 0; lastKnownFileType = sourcecode.c.h; name = CDVDevice.h; path = "cordova-plugin-device/CDVDevice.h"; sourceTree = "<group>"; };
		96BA916C968B4218A0A19DA3 /* sqlite3.c */ = {isa = PBXFileReference; explicitFileType = undefined; fileEncoding = 9; includeInIndex = 0; lastKnownFileType = unknown; name = sqlite3.c; path = "cordova-sqlite-storage/sqlite3.c"; sourceTree = "<group>"; };
		970F34ECA05541AF80007EC5 /* CDVStatusBar.m */ = {isa = PBXFileReference; explicitFileType = undefined; fileEncoding = 4; includeInIndex = 0; lastKnownFileType = sourcecode.c.objc; name = CDVStatusBar.m; path = "cordova-plugin-statusbar/CDVStatusBar.m"; sourceTree = "<group>"; };
		9899814A91A541019FE1AA64 /* CDVExif.h */ = {isa = PBXFileReference; explicitFileType = undefined; fileEncoding = 4; includeInIndex = 0; lastKnownFileType = sourcecode.c.h; name = CDVExif.h; path = "cordova-plugin-camera/CDVExif.h"; sourceTree = "<group>"; };
		B66C2BBE0FA545C3AB651948 /* SQLitePlugin.h */ = {isa = PBXFileReference; explicitFileType = undefined; fileEncoding = 4; includeInIndex = 0; lastKnownFileType = sourcecode.c.h; name = SQLitePlugin.h; path = "cordova-sqlite-storage/SQLitePlugin.h"; sourceTree = "<group>"; };
		B6B1C64785B843F4B72CA656 /* CDVDevice.m */ = {isa = PBXFileReference; explicitFileType = undefined; fileEncoding = 4; includeInIndex = 0; lastKnownFileType = sourcecode.c.objc; name = CDVDevice.m; path = "cordova-plugin-device/CDVDevice.m"; sourceTree = "<group>"; };
		BA544918DC784B11B09C0F39 /* CDVStatusBar.h */ = {isa = PBXFileReference; explicitFileType = undefined; fileEncoding = 4; includeInIndex = 0; lastKnownFileType = sourcecode.c.h; name = CDVStatusBar.h; path = "cordova-plugin-statusbar/CDVStatusBar.h"; sourceTree = "<group>"; };
		BD9FB7EABCEB4C29A7B909C1 /* Calendar.h */ = {isa = PBXFileReference; explicitFileType = undefined; fileEncoding = 4; includeInIndex = 0; lastKnownFileType = sourcecode.c.h; name = Calendar.h; path = "cordova-plugin-calendar/Calendar.h"; sourceTree = "<group>"; };
		C7DC3BA11E244FA98E3FAA03 /* CDVLogger.m */ = {isa = PBXFileReference; explicitFileType = undefined; fileEncoding = 4; includeInIndex = 0; lastKnownFileType = sourcecode.c.objc; name = CDVLogger.m; path = "cordova-plugin-console/CDVLogger.m"; sourceTree = "<group>"; };
		CC09C7191D344D36B6E36AFD /* Stripe.framework */ = {isa = PBXFileReference; explicitFileType = undefined; fileEncoding = 9; includeInIndex = 0; lastKnownFileType = wrapper.framework; name = Stripe.framework; path = "Outbuzz/Plugins/cordova-plugin-stripe/Stripe.framework"; sourceTree = "<group>"; };
		D714F9129E2244E0AE1BE28F /* AudioToolbox.framework */ = {isa = PBXFileReference; explicitFileType = undefined; fileEncoding = 9; includeInIndex = 0; lastKnownFileType = wrapper.framework; name = AudioToolbox.framework; path = System/Library/Frameworks/AudioToolbox.framework; sourceTree = SDKROOT; };
		DE9E825E182947AA851ED11E /* zxing-all-in-one.cpp */ = {isa = PBXFileReference; explicitFileType = undefined; fileEncoding = 9; includeInIndex = 0; lastKnownFileType = unknown; name = "zxing-all-in-one.cpp"; path = "phonegap-plugin-barcodescanner/zxing-all-in-one.cpp"; sourceTree = "<group>"; };
		E1264F26521E46FE910D935A /* SocialSharing.h */ = {isa = PBXFileReference; explicitFileType = undefined; fileEncoding = 4; includeInIndex = 0; lastKnownFileType = sourcecode.c.h; name = SocialSharing.h; path = "cordova-plugin-x-socialsharing/SocialSharing.h"; sourceTree = "<group>"; };
		E274CC24F98F47DDBB750C57 /* NSString+SSURLEncoding.h */ = {isa = PBXFileReference; explicitFileType = undefined; fileEncoding = 4; includeInIndex = 0; lastKnownFileType = sourcecode.c.h; name = "NSString+SSURLEncoding.h"; path = "cordova-plugin-x-socialsharing/NSString+SSURLEncoding.h"; sourceTree = "<group>"; };
		E299FAA82F8E44778EA944B4 /* CDVBarcodeScanner.bundle */ = {isa = PBXFileReference; explicitFileType = undefined; fileEncoding = 9; includeInIndex = 0; lastKnownFileType = "wrapper.plug-in"; path = CDVBarcodeScanner.bundle; sourceTree = "<group>"; };
		E9E0C69085F94E6EBEF519CD /* CDVCamera.m */ = {isa = PBXFileReference; explicitFileType = undefined; fileEncoding = 4; includeInIndex = 0; lastKnownFileType = sourcecode.c.objc; name = CDVCamera.m; path = "cordova-plugin-camera/CDVCamera.m"; sourceTree = "<group>"; };
		EB87FDF31871DA8E0020F90C /* www */ = {isa = PBXFileReference; lastKnownFileType = folder; name = www; path = ../../www; sourceTree = "<group>"; };
		EB87FDF41871DAF40020F90C /* config.xml */ = {isa = PBXFileReference; lastKnownFileType = text.xml; name = config.xml; path = ../../config.xml; sourceTree = "<group>"; };
		ED33DF2A687741AEAF9F8254 /* Bridging-Header.h */ = {isa = PBXFileReference; fileEncoding = 4; lastKnownFileType = sourcecode.c.h; path = "Bridging-Header.h"; sourceTree = "<group>"; };
		F4BE9660A87947C698379543 /* IonicKeyboard.m */ = {isa = PBXFileReference; explicitFileType = undefined; fileEncoding = 4; includeInIndex = 0; lastKnownFileType = sourcecode.c.objc; name = IonicKeyboard.m; path = "ionic-plugin-keyboard/IonicKeyboard.m"; sourceTree = "<group>"; };
		F5D6F271821F470C89B6AFF3 /* PSPDFThreadSafeMutableDictionary.m */ = {isa = PBXFileReference; explicitFileType = undefined; fileEncoding = 4; includeInIndex = 0; lastKnownFileType = sourcecode.c.objc; name = PSPDFThreadSafeMutableDictionary.m; path = "cordova-sqlite-storage/PSPDFThreadSafeMutableDictionary.m"; sourceTree = "<group>"; };
		F7ADEE13DBA443ABB7579F69 /* CDVLocation.m */ = {isa = PBXFileReference; explicitFileType = undefined; fileEncoding = 4; includeInIndex = 0; lastKnownFileType = sourcecode.c.objc; name = CDVLocation.m; path = "cordova-plugin-geolocation/CDVLocation.m"; sourceTree = "<group>"; };
		F840E1F0165FE0F500CFE078 /* config.xml */ = {isa = PBXFileReference; lastKnownFileType = text.xml; name = config.xml; path = Outbuzz/config.xml; sourceTree = "<group>"; };
		FD69B7EE95AF47429EC8294B /* SQLitePlugin.m */ = {isa = PBXFileReference; explicitFileType = undefined; fileEncoding = 4; includeInIndex = 0; lastKnownFileType = sourcecode.c.objc; name = SQLitePlugin.m; path = "cordova-sqlite-storage/SQLitePlugin.m"; sourceTree = "<group>"; };
/* End PBXFileReference section */

/* Begin PBXFrameworksBuildPhase section */
		1D60588F0D05DD3D006BFB54 /* Frameworks */ = {
			isa = PBXFrameworksBuildPhase;
			buildActionMask = 2147483647;
			files = (
				301BF552109A68D80062928A /* libCordova.a in Frameworks */,
				261C6510E7B04D3D807C1A2A /* EventKit.framework in Frameworks */,
				4AB2910E324E42339654E598 /* EventKitUI.framework in Frameworks */,
				DD70340C1E5E4775A82A509A /* ImageIO.framework in Frameworks */,
				67DC5B14A09F469CAC5B6832 /* CoreLocation.framework in Frameworks */,
				4FE7CD61F9A645DDA408203B /* AVFoundation.framework in Frameworks */,
				02BCE638674046969B9CB490 /* Stripe.framework in Frameworks */,
				F311741D78DA4FA1992F8F00 /* Social.framework in Frameworks */,
				752FA2384BF54DB2AF28C608 /* MessageUI.framework in Frameworks */,
				A171E1A417974AD689025F4D /* libiconv.dylib in Frameworks */,
				BB622A1C194D47B581F5545D /* CoreVideo.framework in Frameworks */,
				5F15339A036446CDB848296F /* QuartzCore.framework in Frameworks */,
				A69FC5D270654765A5BEEBCA /* CoreImage.framework in Frameworks */,
				9B365028752A4310943A61FA /* AudioToolbox.framework in Frameworks */,
			);
			runOnlyForDeploymentPostprocessing = 0;
		};
/* End PBXFrameworksBuildPhase section */

/* Begin PBXGroup section */
		080E96DDFE201D6D7F000001 /* Classes */ = {
			isa = PBXGroup;
			children = (
				302D95EE14D2391D003F00A1 /* MainViewController.h */,
				302D95EF14D2391D003F00A1 /* MainViewController.m */,
				302D95F014D2391D003F00A1 /* MainViewController.xib */,
				1D3623240D0F684500981E51 /* AppDelegate.h */,
				1D3623250D0F684500981E51 /* AppDelegate.m */,
			);
			name = Classes;
			path = Outbuzz/Classes;
			sourceTree = SOURCE_ROOT;
		};
		19C28FACFE9D520D11CA2CBB /* Products */ = {
			isa = PBXGroup;
			children = (
				1D6058910D05DD3D006BFB54 /* Outbuzz.app */,
			);
			name = Products;
			sourceTree = "<group>";
		};
		29B97314FDCFA39411CA2CEA /* CustomTemplate */ = {
			isa = PBXGroup;
			children = (
				EB87FDF41871DAF40020F90C /* config.xml */,
				EB87FDF31871DA8E0020F90C /* www */,
				EB87FDF11871DA420020F90C /* Staging */,
				301BF52D109A57CC0062928A /* CordovaLib/CordovaLib.xcodeproj */,
				080E96DDFE201D6D7F000001 /* Classes */,
				307C750510C5A3420062BCA9 /* Plugins */,
				29B97315FDCFA39411CA2CEA /* Other Sources */,
				29B97317FDCFA39411CA2CEA /* Resources */,
				29B97323FDCFA39411CA2CEA /* Frameworks */,
				19C28FACFE9D520D11CA2CBB /* Products */,
			);
			name = CustomTemplate;
			sourceTree = "<group>";
		};
		29B97315FDCFA39411CA2CEA /* Other Sources */ = {
			isa = PBXGroup;
			children = (
				32CA4F630368D1EE00C91783 /* Outbuzz-Prefix.pch */,
				29B97316FDCFA39411CA2CEA /* main.m */,
				ED33DF2A687741AEAF9F8254 /* Bridging-Header.h */,
			);
			name = "Other Sources";
			path = Outbuzz;
			sourceTree = "<group>";
		};
		29B97317FDCFA39411CA2CEA /* Resources */ = {
			isa = PBXGroup;
			children = (
				0207DA571B56EA530066E2B4 /* Images.xcassets */,
				3047A50E1AB8057F00498E2A /* config */,
				8D1107310486CEB800E47090 /* Outbuzz-Info.plist */,
				6AFF5BF81D6E424B00AB3073 /* CDVLaunchScreen.storyboard */,
				3409CF380CBA45AD9DCF2175 /* scannerOverlay.xib */,
				E299FAA82F8E44778EA944B4 /* CDVBarcodeScanner.bundle */,
			);
			name = Resources;
			path = Outbuzz/Resources;
			sourceTree = "<group>";
		};
		29B97323FDCFA39411CA2CEA /* Frameworks */ = {
			isa = PBXGroup;
			children = (
				5519E10CCBF74321A41A17DD /* EventKit.framework */,
				258AA845F7D94529A36F87E1 /* EventKitUI.framework */,
				01811FA8C2284851A326C9C9 /* ImageIO.framework */,
				90A442A5FB344902A923EA1A /* CoreLocation.framework */,
				5C168B84528D4E989CA628B2 /* AVFoundation.framework */,
				CC09C7191D344D36B6E36AFD /* Stripe.framework */,
				13A235871CCD4971864F22BE /* Social.framework */,
				4F138CD38E284DB4AB3D8352 /* MessageUI.framework */,
				371ABD711CB94BA09F75F4AC /* libiconv.dylib */,
				2FCDF5016244412FAA5DA894 /* CoreVideo.framework */,
				6588606988214955AFF6063A /* QuartzCore.framework */,
				62E90D0A06644E7D93A17828 /* CoreImage.framework */,
				D714F9129E2244E0AE1BE28F /* AudioToolbox.framework */,
			);
			name = Frameworks;
			sourceTree = "<group>";
		};
		301BF52E109A57CC0062928A /* Products */ = {
			isa = PBXGroup;
			children = (
				301BF535109A57CC0062928A /* libCordova.a */,
				1A2AB7621FB5F9EE00C43A7A /* Cordova.framework */,
			);
			name = Products;
			sourceTree = "<group>";
		};
		3047A50E1AB8057F00498E2A /* config */ = {
			isa = PBXGroup;
			children = (
				3047A50F1AB8059700498E2A /* build-debug.xcconfig */,
				3047A5101AB8059700498E2A /* build-release.xcconfig */,
				3047A5111AB8059700498E2A /* build.xcconfig */,
			);
			name = config;
			sourceTree = "<group>";
		};
		307C750510C5A3420062BCA9 /* Plugins */ = {
			isa = PBXGroup;
			children = (
				24A3F30C725B4011B6ABDC0A /* CDVClipboard.m */,
				815B93AC5FF4432DAB23E1AD /* CDVClipboard.h */,
				55AF616B200940608E59B328 /* Calendar.m */,
				BD9FB7EABCEB4C29A7B909C1 /* Calendar.h */,
				6E2BF64781E143EB95C95A18 /* UIImage+CropScaleOrientation.m */,
				E9E0C69085F94E6EBEF519CD /* CDVCamera.m */,
				5A449F12FFC449FCB88DC4E0 /* CDVJpegHeaderWriter.m */,
				5110D2ED0CC64F02ACE27953 /* UIImage+CropScaleOrientation.h */,
				92A6980BD12E4A1C83A1599B /* CDVCamera.h */,
				6EE460EDDA8046439E65B766 /* CDVJpegHeaderWriter.h */,
				9899814A91A541019FE1AA64 /* CDVExif.h */,
				C7DC3BA11E244FA98E3FAA03 /* CDVLogger.m */,
				2FCA1ACBF75548BD9A298525 /* CDVLogger.h */,
				B6B1C64785B843F4B72CA656 /* CDVDevice.m */,
				9602FD70F41A46078C1DA7F4 /* CDVDevice.h */,
				F7ADEE13DBA443ABB7579F69 /* CDVLocation.m */,
				8BC00AC5749C42548FAFB158 /* CDVLocation.h */,
				4FC08142C6CF46F284B4F49B /* CDVSplashScreen.m */,
				47D56D029D084C93A705E3D7 /* CDVViewController+SplashScreen.m */,
				665CF005873F4F25AC8E2D38 /* CDVSplashScreen.h */,
				36F78EE107464C52B6D4B3B7 /* CDVViewController+SplashScreen.h */,
				970F34ECA05541AF80007EC5 /* CDVStatusBar.m */,
				BA544918DC784B11B09C0F39 /* CDVStatusBar.h */,
				7E00C2B7367E417AAF298833 /* CordovaStripe.m */,
				31E9AC7A77AD4AB0AAFB02D3 /* CordovaStripe.h */,
				74D8E05E70644E5A84A37F51 /* NSString+SSURLEncoding.m */,
				1B673E431DA042328D0DE3CE /* SocialSharing.m */,
				E274CC24F98F47DDBB750C57 /* NSString+SSURLEncoding.h */,
				E1264F26521E46FE910D935A /* SocialSharing.h */,
				F4BE9660A87947C698379543 /* IonicKeyboard.m */,
				62685F70E49145698BE69680 /* IonicKeyboard.h */,
				8A4FDA6152C040168A10304C /* CDVBarcodeScanner.mm */,
				DE9E825E182947AA851ED11E /* zxing-all-in-one.cpp */,
				06C351EF21354E5EB39CBFB1 /* zxing-all-in-one.h */,
				FD69B7EE95AF47429EC8294B /* SQLitePlugin.m */,
				F5D6F271821F470C89B6AFF3 /* PSPDFThreadSafeMutableDictionary.m */,
				96BA916C968B4218A0A19DA3 /* sqlite3.c */,
				B66C2BBE0FA545C3AB651948 /* SQLitePlugin.h */,
				934591BA527E48A5B361887E /* PSPDFThreadSafeMutableDictionary.h */,
				33B5CD8AE38A45848CD771AA /* sqlite3.h */,
			);
			name = Plugins;
			path = Outbuzz/Plugins;
			sourceTree = SOURCE_ROOT;
		};
		EB87FDF11871DA420020F90C /* Staging */ = {
			isa = PBXGroup;
			children = (
				F840E1F0165FE0F500CFE078 /* config.xml */,
				301BF56E109A69640062928A /* www */,
			);
			name = Staging;
			sourceTree = "<group>";
		};
/* End PBXGroup section */

/* Begin PBXNativeTarget section */
		1D6058900D05DD3D006BFB54 /* Outbuzz */ = {
			isa = PBXNativeTarget;
			buildConfigurationList = 1D6058960D05DD3E006BFB54 /* Build configuration list for PBXNativeTarget "Outbuzz" */;
			buildPhases = (
				304B58A110DAC018002A0835 /* Copy www directory */,
				1D60588D0D05DD3D006BFB54 /* Resources */,
				1D60588E0D05DD3D006BFB54 /* Sources */,
				1D60588F0D05DD3D006BFB54 /* Frameworks */,
			);
			buildRules = (
			);
			dependencies = (
				301BF551109A68C00062928A /* PBXTargetDependency */,
			);
			name = Outbuzz;
			productName = Outbuzz;
			productReference = 1D6058910D05DD3D006BFB54 /* Outbuzz.app */;
			productType = "com.apple.product-type.application";
		};
/* End PBXNativeTarget section */

/* Begin PBXProject section */
		29B97313FDCFA39411CA2CEA /* Project object */ = {
			isa = PBXProject;
			attributes = {
				LastUpgradeCheck = 510;
				TargetAttributes = {
					1D6058900D05DD3D006BFB54 = {
						DevelopmentTeam = B6ERYEW8D7;
						ProvisioningStyle = Manual;
					};
				};
			};
			buildConfigurationList = C01FCF4E08A954540054247B /* Build configuration list for PBXProject "Outbuzz" */;
			compatibilityVersion = "Xcode 3.2";
			developmentRegion = English;
			hasScannedForEncodings = 1;
			knownRegions = (
				en,
			);
			mainGroup = 29B97314FDCFA39411CA2CEA /* CustomTemplate */;
			projectDirPath = "";
			projectReferences = (
				{
					ProductGroup = 301BF52E109A57CC0062928A /* Products */;
					ProjectRef = 301BF52D109A57CC0062928A /* CordovaLib/CordovaLib.xcodeproj */;
				},
			);
			projectRoot = "";
			targets = (
				1D6058900D05DD3D006BFB54 /* Outbuzz */,
			);
		};
/* End PBXProject section */

/* Begin PBXReferenceProxy section */
		1A2AB7621FB5F9EE00C43A7A /* Cordova.framework */ = {
			isa = PBXReferenceProxy;
			fileType = wrapper.framework;
			path = Cordova.framework;
			remoteRef = 1A2AB7611FB5F9EE00C43A7A /* PBXContainerItemProxy */;
			sourceTree = BUILT_PRODUCTS_DIR;
		};
		301BF535109A57CC0062928A /* libCordova.a */ = {
			isa = PBXReferenceProxy;
			fileType = archive.ar;
			path = libCordova.a;
			remoteRef = 301BF534109A57CC0062928A /* PBXContainerItemProxy */;
			sourceTree = BUILT_PRODUCTS_DIR;
		};
/* End PBXReferenceProxy section */

/* Begin PBXResourcesBuildPhase section */
		1D60588D0D05DD3D006BFB54 /* Resources */ = {
			isa = PBXResourcesBuildPhase;
			buildActionMask = 2147483647;
			files = (
				302D95F214D2391D003F00A1 /* MainViewController.xib in Resources */,
				0207DA581B56EA530066E2B4 /* Images.xcassets in Resources */,
				6AFF5BF91D6E424B00AB3073 /* CDVLaunchScreen.storyboard in Resources */,
				68F0D6D492934A62B8B1FAD1 /* scannerOverlay.xib in Resources */,
				717C4696584D442F8BF94066 /* CDVBarcodeScanner.bundle in Resources */,
			);
			runOnlyForDeploymentPostprocessing = 0;
		};
/* End PBXResourcesBuildPhase section */

/* Begin PBXShellScriptBuildPhase section */
		304B58A110DAC018002A0835 /* Copy www directory */ = {
			isa = PBXShellScriptBuildPhase;
			buildActionMask = 2147483647;
			files = (
			);
			inputPaths = (
			);
			name = "Copy www directory";
			outputPaths = (
			);
			runOnlyForDeploymentPostprocessing = 0;
			shellPath = /bin/sh;
			shellScript = "NODEJS_PATH=/usr/local/bin; NVM_NODE_PATH=~/.nvm/versions/node/`nvm version 2>/dev/null`/bin; N_NODE_PATH=`find /usr/local/n/versions/node/* -maxdepth 0 -type d 2>/dev/null | tail -1`/bin; XCODE_NODE_PATH=`xcode-select --print-path`/usr/share/xcs/Node/bin; PATH=$NODEJS_PATH:$NVM_NODE_PATH:$N_NODE_PATH:$XCODE_NODE_PATH:$PATH && node cordova/lib/copy-www-build-step.js";
			showEnvVarsInLog = 0;
		};
/* End PBXShellScriptBuildPhase section */

/* Begin PBXSourcesBuildPhase section */
		1D60588E0D05DD3D006BFB54 /* Sources */ = {
			isa = PBXSourcesBuildPhase;
			buildActionMask = 2147483647;
			files = (
				1D60589B0D05DD56006BFB54 /* main.m in Sources */,
				1D3623260D0F684500981E51 /* AppDelegate.m in Sources */,
				302D95F114D2391D003F00A1 /* MainViewController.m in Sources */,
				0962D003D493468C8C588EBA /* CDVClipboard.m in Sources */,
				E16FD79CAB5B403BB6BD0073 /* Calendar.m in Sources */,
				5FA21632B94D487F93B97B81 /* UIImage+CropScaleOrientation.m in Sources */,
				58993D43B67B4BF2B436907A /* CDVCamera.m in Sources */,
				E6A09541A7FE4296A1F5A605 /* CDVJpegHeaderWriter.m in Sources */,
				737FAE356479460EA3409D3C /* CDVLogger.m in Sources */,
				11F4F684AAA143FBB0D9898F /* CDVDevice.m in Sources */,
				5209AEA31D724514B5EEE8CF /* CDVLocation.m in Sources */,
				52ABA1B9CD694594AB7B9C48 /* CDVSplashScreen.m in Sources */,
				EE5BE195E0B5436D9C13D76D /* CDVViewController+SplashScreen.m in Sources */,
				5514C44C2E94490EB9C1022C /* CDVStatusBar.m in Sources */,
				82FD2057AED74F4D842E40C8 /* CordovaStripe.m in Sources */,
				88D7FA63F23246578EE4877E /* NSString+SSURLEncoding.m in Sources */,
				57A91E18D4094753B96A1377 /* SocialSharing.m in Sources */,
				91F19EDFD5EE4CB4A316929A /* IonicKeyboard.m in Sources */,
				99F71D41CA3049909ACAB38A /* CDVBarcodeScanner.mm in Sources */,
				0A83B37537C647EF87C565D3 /* zxing-all-in-one.cpp in Sources */,
				C00C68FC6798409396477B95 /* SQLitePlugin.m in Sources */,
				FC00CA8F23C048D29BEEAD41 /* PSPDFThreadSafeMutableDictionary.m in Sources */,
				EF7020C48AED4D84B6A433C9 /* sqlite3.c in Sources */,
			);
			runOnlyForDeploymentPostprocessing = 0;
		};
/* End PBXSourcesBuildPhase section */

/* Begin PBXTargetDependency section */
		301BF551109A68C00062928A /* PBXTargetDependency */ = {
			isa = PBXTargetDependency;
			name = CordovaLib;
			targetProxy = 301BF550109A68C00062928A /* PBXContainerItemProxy */;
		};
/* End PBXTargetDependency section */

/* Begin XCBuildConfiguration section */
		1D6058940D05DD3E006BFB54 /* Debug */ = {
			isa = XCBuildConfiguration;
			baseConfigurationReference = 3047A50F1AB8059700498E2A /* build-debug.xcconfig */;
			buildSettings = {
				ALWAYS_SEARCH_USER_PATHS = NO;
				ASSETCATALOG_COMPILER_APPICON_NAME = AppIcon;
				ASSETCATALOG_COMPILER_LAUNCHIMAGE_NAME = LaunchImage;
				CLANG_ENABLE_MODULES = YES;
				CLANG_ENABLE_OBJC_ARC = YES;
				CODE_SIGN_IDENTITY = "iPhone Distribution: Rajesh Gulati (B6ERYEW8D7)";
				"CODE_SIGN_IDENTITY[sdk=iphoneos*]" = "iPhone Developer";
				CODE_SIGN_STYLE = Manual;
				COPY_PHASE_STRIP = NO;
				DEVELOPMENT_TEAM = B6ERYEW8D7;
				FRAMEWORK_SEARCH_PATHS = (
					"$(inherited)",
					"\"Outbuzz/Plugins/cordova-plugin-stripe\"",
				);
				GCC_DYNAMIC_NO_PIC = NO;
				GCC_OPTIMIZATION_LEVEL = 0;
				GCC_PRECOMPILE_PREFIX_HEADER = YES;
				GCC_PREFIX_HEADER = "Outbuzz/Outbuzz-Prefix.pch";
				GCC_THUMB_SUPPORT = NO;
				GCC_VERSION = "";
				INFOPLIST_FILE = "Outbuzz/Outbuzz-Info.plist";
				IPHONEOS_DEPLOYMENT_TARGET = 9.0;
				LD_RUNPATH_SEARCH_PATHS = "@executable_path/Frameworks";
				PRODUCT_NAME = Outbuzz;
				PROVISIONING_PROFILE = "e71b7038-7747-48aa-b398-4e43a450f457";
				PROVISIONING_PROFILE_SPECIFIER = "Outbuz cus_development";
				TARGETED_DEVICE_FAMILY = "1,2";
			};
			name = Debug;
		};
		1D6058950D05DD3E006BFB54 /* Release */ = {
			isa = XCBuildConfiguration;
			baseConfigurationReference = 3047A5101AB8059700498E2A /* build-release.xcconfig */;
			buildSettings = {
				ALWAYS_SEARCH_USER_PATHS = NO;
				ASSETCATALOG_COMPILER_APPICON_NAME = AppIcon;
				ASSETCATALOG_COMPILER_LAUNCHIMAGE_NAME = LaunchImage;
				CLANG_ENABLE_MODULES = YES;
				CLANG_ENABLE_OBJC_ARC = YES;
				CODE_SIGN_IDENTITY = "iPhone Distribution: Rajesh Gulati (B6ERYEW8D7)";
				"CODE_SIGN_IDENTITY[sdk=iphoneos*]" = "iPhone Developer";
				CODE_SIGN_STYLE = Manual;
				COPY_PHASE_STRIP = YES;
				DEVELOPMENT_TEAM = B6ERYEW8D7;
				FRAMEWORK_SEARCH_PATHS = (
					"$(inherited)",
					"\"Outbuzz/Plugins/cordova-plugin-stripe\"",
				);
				GCC_PRECOMPILE_PREFIX_HEADER = YES;
				GCC_PREFIX_HEADER = "Outbuzz/Outbuzz-Prefix.pch";
				GCC_THUMB_SUPPORT = NO;
				GCC_VERSION = "";
				INFOPLIST_FILE = "Outbuzz/Outbuzz-Info.plist";
				IPHONEOS_DEPLOYMENT_TARGET = 9.0;
				LD_RUNPATH_SEARCH_PATHS = "@executable_path/Frameworks";
				PRODUCT_NAME = Outbuzz;
				PROVISIONING_PROFILE = "e71b7038-7747-48aa-b398-4e43a450f457";
				PROVISIONING_PROFILE_SPECIFIER = "Outbuz cus_development";
				TARGETED_DEVICE_FAMILY = "1,2";
			};
			name = Release;
		};
		C01FCF4F08A954540054247B /* Debug */ = {
			isa = XCBuildConfiguration;
			baseConfigurationReference = 3047A5111AB8059700498E2A /* build.xcconfig */;
			buildSettings = {
				ASSETCATALOG_COMPILER_LAUNCHIMAGE_NAME = LaunchImage;
				CLANG_ENABLE_MODULES = YES;
				CLANG_ENABLE_OBJC_ARC = YES;
				CLANG_WARN_BOOL_CONVERSION = YES;
				CLANG_WARN_CONSTANT_CONVERSION = YES;
				CLANG_WARN_EMPTY_BODY = YES;
				CLANG_WARN_ENUM_CONVERSION = YES;
				CLANG_WARN_INT_CONVERSION = YES;
				CLANG_WARN__DUPLICATE_METHOD_MATCH = YES;
				GCC_C_LANGUAGE_STANDARD = c99;
				GCC_THUMB_SUPPORT = NO;
				GCC_VERSION = "";
				GCC_WARN_ABOUT_RETURN_TYPE = YES;
				GCC_WARN_UNDECLARED_SELECTOR = YES;
				GCC_WARN_UNINITIALIZED_AUTOS = YES;
				GCC_WARN_UNUSED_FUNCTION = YES;
				GCC_WARN_UNUSED_VARIABLE = YES;
				ONLY_ACTIVE_ARCH = YES;
				SDKROOT = iphoneos;
				SKIP_INSTALL = NO;
			};
			name = Debug;
		};
		C01FCF5008A954540054247B /* Release */ = {
			isa = XCBuildConfiguration;
			baseConfigurationReference = 3047A5111AB8059700498E2A /* build.xcconfig */;
			buildSettings = {
				ASSETCATALOG_COMPILER_LAUNCHIMAGE_NAME = LaunchImage;
				CLANG_ENABLE_MODULES = YES;
				CLANG_ENABLE_OBJC_ARC = YES;
				CLANG_WARN_BOOL_CONVERSION = YES;
				CLANG_WARN_CONSTANT_CONVERSION = YES;
				CLANG_WARN_EMPTY_BODY = YES;
				CLANG_WARN_ENUM_CONVERSION = YES;
				CLANG_WARN_INT_CONVERSION = YES;
				CLANG_WARN__DUPLICATE_METHOD_MATCH = YES;
				GCC_C_LANGUAGE_STANDARD = c99;
				GCC_THUMB_SUPPORT = NO;
				GCC_VERSION = "";
				GCC_WARN_ABOUT_RETURN_TYPE = YES;
				GCC_WARN_UNDECLARED_SELECTOR = YES;
				GCC_WARN_UNINITIALIZED_AUTOS = YES;
				GCC_WARN_UNUSED_FUNCTION = YES;
				GCC_WARN_UNUSED_VARIABLE = YES;
				SDKROOT = iphoneos;
				SKIP_INSTALL = NO;
			};
			name = Release;
		};
/* End XCBuildConfiguration section */

/* Begin XCConfigurationList section */
		1D6058960D05DD3E006BFB54 /* Build configuration list for PBXNativeTarget "Outbuzz" */ = {
			isa = XCConfigurationList;
			buildConfigurations = (
				1D6058940D05DD3E006BFB54 /* Debug */,
				1D6058950D05DD3E006BFB54 /* Release */,
			);
			defaultConfigurationIsVisible = 0;
			defaultConfigurationName = Release;
		};
		C01FCF4E08A954540054247B /* Build configuration list for PBXProject "Outbuzz" */ = {
			isa = XCConfigurationList;
			buildConfigurations = (
				C01FCF4F08A954540054247B /* Debug */,
				C01FCF5008A954540054247B /* Release */,
			);
			defaultConfigurationIsVisible = 0;
			defaultConfigurationName = Release;
		};
/* End XCConfigurationList section */
	};
	rootObject = 29B97313FDCFA39411CA2CEA /* Project object */;
}
